
Microsoft Visual Studio Solution File, Format Version 12.00
# Visual Studio Version 17
VisualStudioVersion = 17.0.31903.59
MinimumVisualStudioVersion = 10.0.40219.1
Project("{FAE04EC0-301F-11D3-BF4B-00C04F79EFBC}") = "Converters", "CommonLibraries\Converters.csproj", "{87476FBB-385D-4065-B545-4FE794E7B07B}"
EndProject
Project("{FAE04EC0-301F-11D3-BF4B-00C04F79EFBC}") = "Converters.Tests", "CommonLibraries\Converters\Tests\Converters.Tests.csproj", "{6DB9EE00-C79A-43EA-BE3F-D0ADFA75375C}"
EndProject
Global
	GlobalSection(SolutionConfigurationPlatforms) = preSolution
		Debug|Any CPU = Debug|Any CPU
		Debug|x64 = Debug|x64
		Debug|x86 = Debug|x86
		Release|Any CPU = Release|Any CPU
		Release|x64 = Release|x64
		Release|x86 = Release|x86
	EndGlobalSection
	GlobalSection(ProjectConfigurationPlatforms) = postSolution
		{87476FBB-385D-4065-B545-4FE794E7B07B}.Debug|Any CPU.ActiveCfg = Debug|Any CPU
		{87476FBB-385D-4065-B545-4FE794E7B07B}.Debug|Any CPU.Build.0 = Debug|Any CPU
		{87476FBB-385D-4065-B545-4FE794E7B07B}.Debug|x64.ActiveCfg = Debug|Any CPU
		{87476FBB-385D-4065-B545-4FE794E7B07B}.Debug|x64.Build.0 = Debug|Any CPU
		{87476FBB-385D-4065-B545-4FE794E7B07B}.Debug|x86.ActiveCfg = Debug|Any CPU
		{87476FBB-385D-4065-B545-4FE794E7B07B}.Debug|x86.Build.0 = Debug|Any CPU
		{87476FBB-385D-4065-B545-4FE794E7B07B}.Release|Any CPU.ActiveCfg = Release|Any CPU
		{87476FBB-385D-4065-B545-4FE794E7B07B}.Release|Any CPU.Build.0 = Release|Any CPU
		{87476FBB-385D-4065-B545-4FE794E7B07B}.Release|x64.ActiveCfg = Release|Any CPU
		{87476FBB-385D-4065-B545-4FE794E7B07B}.Release|x64.Build.0 = Release|Any CPU
		{87476FBB-385D-4065-B545-4FE794E7B07B}.Release|x86.ActiveCfg = Release|Any CPU
		{87476FBB-385D-4065-B545-4FE794E7B07B}.Release|x86.Build.0 = Release|Any CPU
		{6DB9EE00-C79A-43EA-BE3F-D0ADFA75375C}.Debug|Any CPU.ActiveCfg = Debug|Any CPU
		{6DB9EE00-C79A-43EA-BE3F-D0ADFA75375C}.Debug|Any CPU.Build.0 = Debug|Any CPU
		{6DB9EE00-C79A-43EA-BE3F-D0ADFA75375C}.Debug|x64.ActiveCfg = Debug|Any CPU
		{6DB9EE00-C79A-43EA-BE3F-D0ADFA75375C}.Debug|x64.Build.0 = Debug|Any CPU
		{6DB9EE00-C79A-43EA-BE3F-D0ADFA75375C}.Debug|x86.ActiveCfg = Debug|Any CPU
		{6DB9EE00-C79A-43EA-BE3F-D0ADFA75375C}.Debug|x86.Build.0 = Debug|Any CPU
		{6DB9EE00-C79A-43EA-BE3F-D0ADFA75375C}.Release|Any CPU.ActiveCfg = Release|Any CPU
		{6DB9EE00-C79A-43EA-BE3F-D0ADFA75375C}.Release|Any CPU.Build.0 = Release|Any CPU
		{6DB9EE00-C79A-43EA-BE3F-D0ADFA75375C}.Release|x64.ActiveCfg = Release|Any CPU
		{6DB9EE00-C79A-43EA-BE3F-D0ADFA75375C}.Release|x64.Build.0 = Release|Any CPU
		{6DB9EE00-C79A-43EA-BE3F-D0ADFA75375C}.Release|x86.ActiveCfg = Release|Any CPU
		{6DB9EE00-C79A-43EA-BE3F-D0ADFA75375C}.Release|x86.Build.0 = Release|Any CPU
	EndGlobalSection
	GlobalSection(SolutionProperties) = preSolution
		HideSolutionNode = FALSE
	EndGlobalSection
EndGlobal
